
Microsoft Visual Studio Solution File, Format Version 12.00
# Visual Studio Version 17
VisualStudioVersion = 17.1.32210.238
MinimumVisualStudioVersion = 10.0.40219.1
Project("{FAE04EC0-301F-11D3-BF4B-00C04F79EFBC}") = "ULPR_1", "ULPR_1.csproj", "{232A9B5F-8B88-4953-A5BD-A8CA54C2E74A}"
EndProject
Global
	GlobalSection(SolutionConfigurationPlatforms) = preSolution
		Debug|Any CPU = Debug|Any CPU
		Release|Any CPU = Release|Any CPU
	EndGlobalSection
	GlobalSection(ProjectConfigurationPlatforms) = postSolution
		{232A9B5F-8B88-4953-A5BD-A8CA54C2E74A}.Debug|Any CPU.ActiveCfg = Debug|Any CPU
		{232A9B5F-8B88-4953-A5BD-A8CA54C2E74A}.Debug|Any CPU.Build.0 = Debug|Any CPU
		{232A9B5F-8B88-4953-A5BD-A8CA54C2E74A}.Release|Any CPU.ActiveCfg = Release|Any CPU
		{232A9B5F-8B88-4953-A5BD-A8CA54C2E74A}.Release|Any CPU.Build.0 = Release|Any CPU
	EndGlobalSection
	GlobalSection(SolutionProperties) = preSolution
		HideSolutionNode = FALSE
	EndGlobalSection
	GlobalSection(ExtensibilityGlobals) = postSolution
		SolutionGuid = {E805F72D-EFD0-410B-B541-B7A8AD0D91D9}
	EndGlobalSection
EndGlobal
